PODS:
  - Alamofire (4.5.1)
  - SQLite.swift (0.11.3):
    - SQLite.swift/standard (= 0.11.3)
  - SQLite.swift/standard (0.11.3)
  - SwiftWebSocket (2.6.5)
  - SwiftyJSON (3.1.4)

DEPENDENCIES:
  - Alamofire (~> 4.5.1)
  - SQLite.swift (~> 0.11.3)
  - SwiftWebSocket (~> 2.6.5)
  - SwiftyJSON (~> 3.1.4)

SPEC CHECKSUMS:
  Alamofire: 2d95912bf4c34f164fdfc335872e8c312acaea4a
  SQLite.swift: 99b36c22084427f0abbeb957556ce1528cf10bb3
  SwiftWebSocket: 1ef8a0efb023544643bdf480c1ec4a62b204f293
  SwiftyJSON: c2842d878f95482ffceec5709abc3d05680c0220

PODFILE CHECKSUM: fdc5201d43b861bb917b7bc1dc32e368c27042e0

COCOAPODS: 1.3.1
